
Microsoft Visual Studio Solution File, Format Version 12.00
# Visual Studio Version 17
VisualStudioVersion = 17.5.33516.290
MinimumVisualStudioVersion = 10.0.40219.1
Project("{2150E333-8FDC-42A3-9474-1A3956D46DE8}") = "Domain", "Domain", "{12EA035E-3DC9-4AC9-AEAA-99C335E657A4}"
EndProject
Project("{2150E333-8FDC-42A3-9474-1A3956D46DE8}") = "Repository", "Repository", "{A645F122-0A5F-4E57-A74A-BD4CE342F6BF}"
EndProject
Project("{2150E333-8FDC-42A3-9474-1A3956D46DE8}") = "UI", "UI", "{5C2E3BBD-C40B-429B-BA95-837CA7117365}"
EndProject
Project("{2150E333-8FDC-42A3-9474-1A3956D46DE8}") = "Test", "Test", "{D8AF5A08-E6B2-4DBF-B98F-1DA67460A779}"
EndProject
Project("{FAE04EC0-301F-11D3-BF4B-00C04F79EFBC}") = "Mvc4.WebAPI", "Mvc4AppTestWebAPI\Mvc4.WebAPI.csproj", "{0CFCC915-42E3-4E06-BDD3-CE4547D8B5CC}"
EndProject
Project("{FAE04EC0-301F-11D3-BF4B-00C04F79EFBC}") = "com.minsoehanwin.sample.Core", "com.minsoehanwin.sample.Core\com.minsoehanwin.sample.Core.csproj", "{8A9E4AB8-3C48-4B7F-8302-406AE0B78E21}"
EndProject
Project("{FAE04EC0-301F-11D3-BF4B-00C04F79EFBC}") = "com.minsoehanwin.sample.Services", "com.minsoehanwin.sample.Services\com.minsoehanwin.sample.Services.csproj", "{B0988628-8EE8-4A7B-B638-4AF7A28BA758}"
EndProject
Project("{FAE04EC0-301F-11D3-BF4B-00C04F79EFBC}") = "com.minsoehanwin.sample.Repositories.EF", "com.minsoehanwin.sample.Repositories.EF\com.minsoehanwin.sample.Repositories.EF.csproj", "{AE8AC7CB-A2F2-4865-963E-88BC74DD573A}"
EndProject
Project("{FAE04EC0-301F-11D3-BF4B-00C04F79EFBC}") = "com.minsoehanwin.sample.Test", "Mvc4.Test\com.minsoehanwin.sample.Test.csproj", "{1BF3FF20-688C-4A22-BC0A-734C824E4300}"
	ProjectSection(ProjectDependencies) = postProject
		{15B3E0D2-6217-493A-A690-158C497F5318} = {15B3E0D2-6217-493A-A690-158C497F5318}
		{6713E2C9-C562-4414-A530-4A7C562915E5} = {6713E2C9-C562-4414-A530-4A7C562915E5}
		{A258A344-B560-4B4D-8172-88E44C845AD6} = {A258A344-B560-4B4D-8172-88E44C845AD6}
	EndProjectSection
EndProject
Project("{FAE04EC0-301F-11D3-BF4B-00C04F79EFBC}") = "Mvc5.WebUI", "Mvc5.WebUI\Mvc5.WebUI.csproj", "{EADC6824-D6C9-47F4-A659-F1BBDF5F6E53}"
EndProject
Project("{FAE04EC0-301F-11D3-BF4B-00C04F79EFBC}") = "com.minsoehanwin.sample.Wcf.Service", "Wcf.Service\com.minsoehanwin.sample.Wcf.Service.csproj", "{15B3E0D2-6217-493A-A690-158C497F5318}"
EndProject
Project("{FAE04EC0-301F-11D3-BF4B-00C04F79EFBC}") = "com.minsoehanwin.sample.Wcf.API", "Wcf.API\com.minsoehanwin.sample.Wcf.API.csproj", "{A258A344-B560-4B4D-8172-88E44C845AD6}"
EndProject
Project("{2150E333-8FDC-42A3-9474-1A3956D46DE8}") = "API", "API", "{A2A41692-5F49-44D7-8014-82638C8BB0AC}"
EndProject
Project("{FAE04EC0-301F-11D3-BF4B-00C04F79EFBC}") = "com.minsoehanwin.sample.Helper", "com.minsoehanwin.sample.Helper\com.minsoehanwin.sample.Helper.csproj", "{48731652-78C3-4BC9-A364-EFB532CDAE23}"
EndProject
Project("{FAE04EC0-301F-11D3-BF4B-00C04F79EFBC}") = "DesktopUI", "DesktopUI\DesktopUI.csproj", "{1436AA20-B8C8-4FD2-A9E1-ED273F823499}"
EndProject
Project("{FAE04EC0-301F-11D3-BF4B-00C04F79EFBC}") = "com.minsoehanwin.sample.Wcf.RestfulService", "Wcf.RestfulService\com.minsoehanwin.sample.Wcf.RestfulService.csproj", "{6713E2C9-C562-4414-A530-4A7C562915E5}"
EndProject
Global
	GlobalSection(SolutionConfigurationPlatforms) = preSolution
		Debug|Any CPU = Debug|Any CPU
		Release|Any CPU = Release|Any CPU
	EndGlobalSection
	GlobalSection(ProjectConfigurationPlatforms) = postSolution
		{0CFCC915-42E3-4E06-BDD3-CE4547D8B5CC}.Debug|Any CPU.ActiveCfg = Debug|Any CPU
		{0CFCC915-42E3-4E06-BDD3-CE4547D8B5CC}.Debug|Any CPU.Build.0 = Debug|Any CPU
		{0CFCC915-42E3-4E06-BDD3-CE4547D8B5CC}.Release|Any CPU.ActiveCfg = Release|Any CPU
		{0CFCC915-42E3-4E06-BDD3-CE4547D8B5CC}.Release|Any CPU.Build.0 = Release|Any CPU
		{8A9E4AB8-3C48-4B7F-8302-406AE0B78E21}.Debug|Any CPU.ActiveCfg = Debug|Any CPU
		{8A9E4AB8-3C48-4B7F-8302-406AE0B78E21}.Debug|Any CPU.Build.0 = Debug|Any CPU
		{8A9E4AB8-3C48-4B7F-8302-406AE0B78E21}.Release|Any CPU.ActiveCfg = Release|Any CPU
		{8A9E4AB8-3C48-4B7F-8302-406AE0B78E21}.Release|Any CPU.Build.0 = Release|Any CPU
		{B0988628-8EE8-4A7B-B638-4AF7A28BA758}.Debug|Any CPU.ActiveCfg = Debug|Any CPU
		{B0988628-8EE8-4A7B-B638-4AF7A28BA758}.Debug|Any CPU.Build.0 = Debug|Any CPU
		{B0988628-8EE8-4A7B-B638-4AF7A28BA758}.Release|Any CPU.ActiveCfg = Release|Any CPU
		{B0988628-8EE8-4A7B-B638-4AF7A28BA758}.Release|Any CPU.Build.0 = Release|Any CPU
		{AE8AC7CB-A2F2-4865-963E-88BC74DD573A}.Debug|Any CPU.ActiveCfg = Debug|Any CPU
		{AE8AC7CB-A2F2-4865-963E-88BC74DD573A}.Debug|Any CPU.Build.0 = Debug|Any CPU
		{AE8AC7CB-A2F2-4865-963E-88BC74DD573A}.Release|Any CPU.ActiveCfg = Release|Any CPU
		{AE8AC7CB-A2F2-4865-963E-88BC74DD573A}.Release|Any CPU.Build.0 = Release|Any CPU
		{1BF3FF20-688C-4A22-BC0A-734C824E4300}.Debug|Any CPU.ActiveCfg = Debug|Any CPU
		{1BF3FF20-688C-4A22-BC0A-734C824E4300}.Debug|Any CPU.Build.0 = Debug|Any CPU
		{1BF3FF20-688C-4A22-BC0A-734C824E4300}.Release|Any CPU.ActiveCfg = Release|Any CPU
		{1BF3FF20-688C-4A22-BC0A-734C824E4300}.Release|Any CPU.Build.0 = Release|Any CPU
		{EADC6824-D6C9-47F4-A659-F1BBDF5F6E53}.Debug|Any CPU.ActiveCfg = Debug|Any CPU
		{EADC6824-D6C9-47F4-A659-F1BBDF5F6E53}.Debug|Any CPU.Build.0 = Debug|Any CPU
		{EADC6824-D6C9-47F4-A659-F1BBDF5F6E53}.Release|Any CPU.ActiveCfg = Release|Any CPU
		{EADC6824-D6C9-47F4-A659-F1BBDF5F6E53}.Release|Any CPU.Build.0 = Release|Any CPU
		{15B3E0D2-6217-493A-A690-158C497F5318}.Debug|Any CPU.ActiveCfg = Debug|Any CPU
		{15B3E0D2-6217-493A-A690-158C497F5318}.Debug|Any CPU.Build.0 = Debug|Any CPU
		{15B3E0D2-6217-493A-A690-158C497F5318}.Release|Any CPU.ActiveCfg = Release|Any CPU
		{15B3E0D2-6217-493A-A690-158C497F5318}.Release|Any CPU.Build.0 = Release|Any CPU
		{A258A344-B560-4B4D-8172-88E44C845AD6}.Debug|Any CPU.ActiveCfg = Debug|Any CPU
		{A258A344-B560-4B4D-8172-88E44C845AD6}.Debug|Any CPU.Build.0 = Debug|Any CPU
		{A258A344-B560-4B4D-8172-88E44C845AD6}.Release|Any CPU.ActiveCfg = Release|Any CPU
		{A258A344-B560-4B4D-8172-88E44C845AD6}.Release|Any CPU.Build.0 = Release|Any CPU
		{48731652-78C3-4BC9-A364-EFB532CDAE23}.Debug|Any CPU.ActiveCfg = Debug|Any CPU
		{48731652-78C3-4BC9-A364-EFB532CDAE23}.Debug|Any CPU.Build.0 = Debug|Any CPU
		{48731652-78C3-4BC9-A364-EFB532CDAE23}.Release|Any CPU.ActiveCfg = Release|Any CPU
		{48731652-78C3-4BC9-A364-EFB532CDAE23}.Release|Any CPU.Build.0 = Release|Any CPU
		{1436AA20-B8C8-4FD2-A9E1-ED273F823499}.Debug|Any CPU.ActiveCfg = Debug|Any CPU
		{1436AA20-B8C8-4FD2-A9E1-ED273F823499}.Debug|Any CPU.Build.0 = Debug|Any CPU
		{1436AA20-B8C8-4FD2-A9E1-ED273F823499}.Release|Any CPU.ActiveCfg = Release|Any CPU
		{1436AA20-B8C8-4FD2-A9E1-ED273F823499}.Release|Any CPU.Build.0 = Release|Any CPU
		{6713E2C9-C562-4414-A530-4A7C562915E5}.Debug|Any CPU.ActiveCfg = Debug|Any CPU
		{6713E2C9-C562-4414-A530-4A7C562915E5}.Debug|Any CPU.Build.0 = Debug|Any CPU
		{6713E2C9-C562-4414-A530-4A7C562915E5}.Release|Any CPU.ActiveCfg = Release|Any CPU
		{6713E2C9-C562-4414-A530-4A7C562915E5}.Release|Any CPU.Build.0 = Release|Any CPU
	EndGlobalSection
	GlobalSection(SolutionProperties) = preSolution
		HideSolutionNode = FALSE
	EndGlobalSection
	GlobalSection(NestedProjects) = preSolution
		{0CFCC915-42E3-4E06-BDD3-CE4547D8B5CC} = {5C2E3BBD-C40B-429B-BA95-837CA7117365}
		{8A9E4AB8-3C48-4B7F-8302-406AE0B78E21} = {12EA035E-3DC9-4AC9-AEAA-99C335E657A4}
		{B0988628-8EE8-4A7B-B638-4AF7A28BA758} = {12EA035E-3DC9-4AC9-AEAA-99C335E657A4}
		{AE8AC7CB-A2F2-4865-963E-88BC74DD573A} = {A645F122-0A5F-4E57-A74A-BD4CE342F6BF}
		{1BF3FF20-688C-4A22-BC0A-734C824E4300} = {D8AF5A08-E6B2-4DBF-B98F-1DA67460A779}
		{EADC6824-D6C9-47F4-A659-F1BBDF5F6E53} = {5C2E3BBD-C40B-429B-BA95-837CA7117365}
		{15B3E0D2-6217-493A-A690-158C497F5318} = {A2A41692-5F49-44D7-8014-82638C8BB0AC}
		{A258A344-B560-4B4D-8172-88E44C845AD6} = {A2A41692-5F49-44D7-8014-82638C8BB0AC}
		{48731652-78C3-4BC9-A364-EFB532CDAE23} = {A645F122-0A5F-4E57-A74A-BD4CE342F6BF}
		{1436AA20-B8C8-4FD2-A9E1-ED273F823499} = {5C2E3BBD-C40B-429B-BA95-837CA7117365}
		{6713E2C9-C562-4414-A530-4A7C562915E5} = {A2A41692-5F49-44D7-8014-82638C8BB0AC}
	EndGlobalSection
EndGlobal
